
Microsoft Visual Studio Solution File, Format Version 12.00
# Visual Studio Version 16
VisualStudioVersion = 16.0.29102.190
MinimumVisualStudioVersion = 10.0.40219.1
Project("{FAE04EC0-301F-11D3-BF4B-00C04F79EFBC}") = "SalesWebMVC", "SalesWebMVC.csproj", "{F6318F8F-86B6-483F-81C3-6BB99C84BEF0}"
EndProject
Global
	GlobalSection(SolutionConfigurationPlatforms) = preSolution
		Debug|Any CPU = Debug|Any CPU
		Release|Any CPU = Release|Any CPU
	EndGlobalSection
	GlobalSection(ProjectConfigurationPlatforms) = postSolution
		{F6318F8F-86B6-483F-81C3-6BB99C84BEF0}.Debug|Any CPU.ActiveCfg = Debug|Any CPU
		{F6318F8F-86B6-483F-81C3-6BB99C84BEF0}.Debug|Any CPU.Build.0 = Debug|Any CPU
		{F6318F8F-86B6-483F-81C3-6BB99C84BEF0}.Release|Any CPU.ActiveCfg = Release|Any CPU
		{F6318F8F-86B6-483F-81C3-6BB99C84BEF0}.Release|Any CPU.Build.0 = Release|Any CPU
	EndGlobalSection
	GlobalSection(SolutionProperties) = preSolution
		HideSolutionNode = FALSE
	EndGlobalSection
	GlobalSection(ExtensibilityGlobals) = postSolution
		SolutionGuid = {E884E0C5-A2FC-48C7-A7C9-5B7560D81354}
	EndGlobalSection
EndGlobal
